
Microsoft Visual Studio Solution File, Format Version 12.00
# Visual Studio 2013
Project("{8BC9CEB8-8B4A-11D0-8D11-00A0C91BC942}") = "EmptySkies", "Intermediate\ProjectFiles\EmptySkies.vcxproj", "{CDD1BEAA-D086-4985-9D4F-1B473995C28F}"
	ProjectSection(ProjectDependencies) = postProject
	EndProjectSection
EndProject
Global
	GlobalSection(SolutionConfigurationPlatforms) = preSolution
		DebugGame Editor|Windows = DebugGame Editor|Windows
		DebugGame|Windows = DebugGame|Windows
		Development Editor|Windows = Development Editor|Windows
		Development|Windows = Development|Windows
		Shipping|Windows = Shipping|Windows
	EndGlobalSection
	GlobalSection(ProjectConfigurationPlatforms) = postSolution
		{CDD1BEAA-D086-4985-9D4F-1B473995C28F}.DebugGame Editor|Windows.ActiveCfg = DebugGame_Editor|x64
		{CDD1BEAA-D086-4985-9D4F-1B473995C28F}.DebugGame Editor|Windows.Build.0 = DebugGame_Editor|x64
		{CDD1BEAA-D086-4985-9D4F-1B473995C28F}.DebugGame|Windows.ActiveCfg = DebugGame_Game|x64
		{CDD1BEAA-D086-4985-9D4F-1B473995C28F}.DebugGame|Windows.Build.0 = DebugGame_Game|x64
		{CDD1BEAA-D086-4985-9D4F-1B473995C28F}.Development Editor|Windows.ActiveCfg = Development_Editor|x64
		{CDD1BEAA-D086-4985-9D4F-1B473995C28F}.Development Editor|Windows.Build.0 = Development_Editor|x64
		{CDD1BEAA-D086-4985-9D4F-1B473995C28F}.Development|Windows.ActiveCfg = Development_Game|x64
		{CDD1BEAA-D086-4985-9D4F-1B473995C28F}.Development|Windows.Build.0 = Development_Game|x64
		{CDD1BEAA-D086-4985-9D4F-1B473995C28F}.Shipping|Windows.ActiveCfg = Shipping_Game|Win32
		{CDD1BEAA-D086-4985-9D4F-1B473995C28F}.Shipping|Windows.Build.0 = Shipping_Game|Win32
	EndGlobalSection
	GlobalSection(SolutionProperties) = preSolution
		HideSolutionNode = FALSE
	EndGlobalSection
	GlobalSection(NestedProjects) = preSolution
	EndGlobalSection
EndGlobal
